
Microsoft Visual Studio Solution File, Format Version 12.00
# Visual Studio Version 16
VisualStudioVersion = 16.0.29613.14
MinimumVisualStudioVersion = 10.0.40219.1
Project("{8BC9CEB8-8B4A-11D0-8D11-00A0C91BC942}") = "JsonClient", "JsonClient\JsonClient.vcxproj", "{571A4680-62C4-4C2B-A0F6-F034148FC73F}"
EndProject
Global
	GlobalSection(SolutionConfigurationPlatforms) = preSolution
		Debug|x64 = Debug|x64
		Debug|x86 = Debug|x86
		Release|x64 = Release|x64
		Release|x86 = Release|x86
	EndGlobalSection
	GlobalSection(ProjectConfigurationPlatforms) = postSolution
		{571A4680-62C4-4C2B-A0F6-F034148FC73F}.Debug|x64.ActiveCfg = Debug|x64
		{571A4680-62C4-4C2B-A0F6-F034148FC73F}.Debug|x64.Build.0 = Debug|x64
		{571A4680-62C4-4C2B-A0F6-F034148FC73F}.Debug|x86.ActiveCfg = Debug|Win32
		{571A4680-62C4-4C2B-A0F6-F034148FC73F}.Debug|x86.Build.0 = Debug|Win32
		{571A4680-62C4-4C2B-A0F6-F034148FC73F}.Release|x64.ActiveCfg = Release|x64
		{571A4680-62C4-4C2B-A0F6-F034148FC73F}.Release|x64.Build.0 = Release|x64
		{571A4680-62C4-4C2B-A0F6-F034148FC73F}.Release|x86.ActiveCfg = Release|Win32
		{571A4680-62C4-4C2B-A0F6-F034148FC73F}.Release|x86.Build.0 = Release|Win32
	EndGlobalSection
	GlobalSection(SolutionProperties) = preSolution
		HideSolutionNode = FALSE
	EndGlobalSection
	GlobalSection(ExtensibilityGlobals) = postSolution
		SolutionGuid = {C3BBC7B1-1AF7-42E2-99A9-F40C65DAD502}
	EndGlobalSection
EndGlobal
